
Microsoft Visual Studio Solution File, Format Version 12.00
# Visual Studio 15
VisualStudioVersion = 15.0.28307.489
MinimumVisualStudioVersion = 10.0.40219.1
Project("{9A19103F-16F7-4668-BE54-9A1E7A4F7556}") = "todo_homework", "Homework\todo_homework.csproj", "{366A4B58-343D-4D8A-B698-EA07C55EFDE3}"
EndProject
Global
	GlobalSection(SolutionConfigurationPlatforms) = preSolution
		Debug|Any CPU = Debug|Any CPU
		Release|Any CPU = Release|Any CPU
	EndGlobalSection
	GlobalSection(ProjectConfigurationPlatforms) = postSolution
		{366A4B58-343D-4D8A-B698-EA07C55EFDE3}.Debug|Any CPU.ActiveCfg = Debug|Any CPU
		{366A4B58-343D-4D8A-B698-EA07C55EFDE3}.Debug|Any CPU.Build.0 = Debug|Any CPU
		{366A4B58-343D-4D8A-B698-EA07C55EFDE3}.Release|Any CPU.ActiveCfg = Release|Any CPU
		{366A4B58-343D-4D8A-B698-EA07C55EFDE3}.Release|Any CPU.Build.0 = Release|Any CPU
	EndGlobalSection
	GlobalSection(SolutionProperties) = preSolution
		HideSolutionNode = FALSE
	EndGlobalSection
	GlobalSection(ExtensibilityGlobals) = postSolution
		SolutionGuid = {E449E1FB-888D-47BF-8A6E-AF110742FF8A}
	EndGlobalSection
EndGlobal
